
Microsoft Visual Studio Solution File, Format Version 12.00
# Visual Studio 15
Project("{FAE04EC0-301F-11D3-BF4B-00C04F79EFBC}") = "Assembly-CSharp", "Assembly-CSharp.csproj", "{F251ED3D-ACBE-6287-770E-BF1B323E9983}"
EndProject
Project("{FAE04EC0-301F-11D3-BF4B-00C04F79EFBC}") = "Unity.RenderPipelines.HighDefinition.Config.Runtime", "Unity.RenderPipelines.HighDefinition.Config.Runtime.csproj", "{3AE460A9-4351-2834-5F65-998CFA68DBC9}"
EndProject
Project("{FAE04EC0-301F-11D3-BF4B-00C04F79EFBC}") = "Assembly-CSharp-Editor", "Assembly-CSharp-Editor.csproj", "{2B2AFF45-A753-3B7F-940E-6B5537341F19}"
EndProject
Global
	GlobalSection(SolutionConfigurationPlatforms) = preSolution
		Debug|Any CPU = Debug|Any CPU
		Release|Any CPU = Release|Any CPU
	EndGlobalSection
	GlobalSection(ProjectConfigurationPlatforms) = postSolution
		{F251ED3D-ACBE-6287-770E-BF1B323E9983}.Debug|Any CPU.ActiveCfg = Debug|Any CPU
		{F251ED3D-ACBE-6287-770E-BF1B323E9983}.Debug|Any CPU.Build.0 = Debug|Any CPU
		{F251ED3D-ACBE-6287-770E-BF1B323E9983}.Release|Any CPU.ActiveCfg = Release|Any CPU
		{F251ED3D-ACBE-6287-770E-BF1B323E9983}.Release|Any CPU.Build.0 = Release|Any CPU
		{3AE460A9-4351-2834-5F65-998CFA68DBC9}.Debug|Any CPU.ActiveCfg = Debug|Any CPU
		{3AE460A9-4351-2834-5F65-998CFA68DBC9}.Debug|Any CPU.Build.0 = Debug|Any CPU
		{3AE460A9-4351-2834-5F65-998CFA68DBC9}.Release|Any CPU.ActiveCfg = Release|Any CPU
		{3AE460A9-4351-2834-5F65-998CFA68DBC9}.Release|Any CPU.Build.0 = Release|Any CPU
		{2B2AFF45-A753-3B7F-940E-6B5537341F19}.Debug|Any CPU.ActiveCfg = Debug|Any CPU
		{2B2AFF45-A753-3B7F-940E-6B5537341F19}.Debug|Any CPU.Build.0 = Debug|Any CPU
		{2B2AFF45-A753-3B7F-940E-6B5537341F19}.Release|Any CPU.ActiveCfg = Release|Any CPU
		{2B2AFF45-A753-3B7F-940E-6B5537341F19}.Release|Any CPU.Build.0 = Release|Any CPU
	EndGlobalSection
	GlobalSection(SolutionProperties) = preSolution
		HideSolutionNode = FALSE
	EndGlobalSection
EndGlobal
